
Microsoft Visual Studio Solution File, Format Version 12.00
# Visual Studio Version 16
VisualStudioVersion = 16.0.30711.63
MinimumVisualStudioVersion = 10.0.40219.1
Project("{FAE04EC0-301F-11D3-BF4B-00C04F79EFBC}") = "CompShop", "CompShop\CompShop.csproj", "{022C395B-9A23-4480-AF2D-18D7B8C0E970}"
EndProject
Project("{FAE04EC0-301F-11D3-BF4B-00C04F79EFBC}") = "CompShop.Tests", "CompShop.Tests\CompShop.Tests.csproj", "{4A9B991E-6A9C-4199-A683-54F2B25AF1E3}"
EndProject
Global
	GlobalSection(SolutionConfigurationPlatforms) = preSolution
		Debug|Any CPU = Debug|Any CPU
		Release|Any CPU = Release|Any CPU
	EndGlobalSection
	GlobalSection(ProjectConfigurationPlatforms) = postSolution
		{022C395B-9A23-4480-AF2D-18D7B8C0E970}.Debug|Any CPU.ActiveCfg = Debug|Any CPU
		{022C395B-9A23-4480-AF2D-18D7B8C0E970}.Debug|Any CPU.Build.0 = Debug|Any CPU
		{022C395B-9A23-4480-AF2D-18D7B8C0E970}.Release|Any CPU.ActiveCfg = Release|Any CPU
		{022C395B-9A23-4480-AF2D-18D7B8C0E970}.Release|Any CPU.Build.0 = Release|Any CPU
		{4A9B991E-6A9C-4199-A683-54F2B25AF1E3}.Debug|Any CPU.ActiveCfg = Debug|Any CPU
		{4A9B991E-6A9C-4199-A683-54F2B25AF1E3}.Debug|Any CPU.Build.0 = Debug|Any CPU
		{4A9B991E-6A9C-4199-A683-54F2B25AF1E3}.Release|Any CPU.ActiveCfg = Release|Any CPU
		{4A9B991E-6A9C-4199-A683-54F2B25AF1E3}.Release|Any CPU.Build.0 = Release|Any CPU
	EndGlobalSection
	GlobalSection(SolutionProperties) = preSolution
		HideSolutionNode = FALSE
	EndGlobalSection
	GlobalSection(ExtensibilityGlobals) = postSolution
		SolutionGuid = {716F6F63-C4A9-4DA3-82E8-A1D24ED5C714}
	EndGlobalSection
EndGlobal
